
Microsoft Visual Studio Solution File, Format Version 12.00
# Visual Studio Version 17
VisualStudioVersion = 17.0.31903.59
MinimumVisualStudioVersion = 10.0.40219.1
Project("{FAE04EC0-301F-11D3-BF4B-00C04F79EFBC}") = "API", "API\API.csproj", "{97E98EE2-FE1A-45D5-9CB9-8B428AA5748A}"
EndProject
Project("{FAE04EC0-301F-11D3-BF4B-00C04F79EFBC}") = "Core", "Core\Core.csproj", "{B3C8DEA0-CE01-4035-A667-1BD86B105E76}"
EndProject
Project("{FAE04EC0-301F-11D3-BF4B-00C04F79EFBC}") = "Infrastructure", "Infrastructure\Infrastructure.csproj", "{911F258A-DF2D-4EF9-AD5A-6816F777E5AA}"
EndProject
Global
	GlobalSection(SolutionConfigurationPlatforms) = preSolution
		Debug|Any CPU = Debug|Any CPU
		Release|Any CPU = Release|Any CPU
	EndGlobalSection
	GlobalSection(SolutionProperties) = preSolution
		HideSolutionNode = FALSE
	EndGlobalSection
	GlobalSection(ProjectConfigurationPlatforms) = postSolution
		{97E98EE2-FE1A-45D5-9CB9-8B428AA5748A}.Debug|Any CPU.ActiveCfg = Debug|Any CPU
		{97E98EE2-FE1A-45D5-9CB9-8B428AA5748A}.Debug|Any CPU.Build.0 = Debug|Any CPU
		{97E98EE2-FE1A-45D5-9CB9-8B428AA5748A}.Release|Any CPU.ActiveCfg = Release|Any CPU
		{97E98EE2-FE1A-45D5-9CB9-8B428AA5748A}.Release|Any CPU.Build.0 = Release|Any CPU
		{B3C8DEA0-CE01-4035-A667-1BD86B105E76}.Debug|Any CPU.ActiveCfg = Debug|Any CPU
		{B3C8DEA0-CE01-4035-A667-1BD86B105E76}.Debug|Any CPU.Build.0 = Debug|Any CPU
		{B3C8DEA0-CE01-4035-A667-1BD86B105E76}.Release|Any CPU.ActiveCfg = Release|Any CPU
		{B3C8DEA0-CE01-4035-A667-1BD86B105E76}.Release|Any CPU.Build.0 = Release|Any CPU
		{911F258A-DF2D-4EF9-AD5A-6816F777E5AA}.Debug|Any CPU.ActiveCfg = Debug|Any CPU
		{911F258A-DF2D-4EF9-AD5A-6816F777E5AA}.Debug|Any CPU.Build.0 = Debug|Any CPU
		{911F258A-DF2D-4EF9-AD5A-6816F777E5AA}.Release|Any CPU.ActiveCfg = Release|Any CPU
		{911F258A-DF2D-4EF9-AD5A-6816F777E5AA}.Release|Any CPU.Build.0 = Release|Any CPU
	EndGlobalSection
EndGlobal
